
Microsoft Visual Studio Solution File, Format Version 12.00
# Visual Studio Version 17
VisualStudioVersion = 17.5.33414.496
MinimumVisualStudioVersion = 10.0.40219.1
Project("{FAE04EC0-301F-11D3-BF4B-00C04F79EFBC}") = "Ciudadano Sanos", "Ciudadano Sanos.csproj", "{1E0337DF-1084-4948-9164-7BC406EB2A14}"
EndProject
Global
	GlobalSection(SolutionConfigurationPlatforms) = preSolution
		Debug|Any CPU = Debug|Any CPU
		Release|Any CPU = Release|Any CPU
	EndGlobalSection
	GlobalSection(ProjectConfigurationPlatforms) = postSolution
		{1E0337DF-1084-4948-9164-7BC406EB2A14}.Debug|Any CPU.ActiveCfg = Debug|Any CPU
		{1E0337DF-1084-4948-9164-7BC406EB2A14}.Debug|Any CPU.Build.0 = Debug|Any CPU
		{1E0337DF-1084-4948-9164-7BC406EB2A14}.Release|Any CPU.ActiveCfg = Release|Any CPU
		{1E0337DF-1084-4948-9164-7BC406EB2A14}.Release|Any CPU.Build.0 = Release|Any CPU
	EndGlobalSection
	GlobalSection(SolutionProperties) = preSolution
		HideSolutionNode = FALSE
	EndGlobalSection
	GlobalSection(ExtensibilityGlobals) = postSolution
		SolutionGuid = {DD5D72AF-BB74-425A-9615-AEBBE11ACF94}
	EndGlobalSection
EndGlobal
